{
  "requires": true,
  "lockfileVersion": 1,
  "dependencies": {
    "@asymmetrik/ngx-leaflet": {
      "version": "3.0.2",
      "resolved": "https://registry.npmjs.org/@asymmetrik/ngx-leaflet/-/ngx-leaflet-3.0.2.tgz",
      "integrity": "sha512-ZntHzaUjKuWiHq8wdSzA2b1MtqpIWAWZnIwiECL0bTRwKWhxwPtmmsJW5iBSgQuWJ8HUWW6TG4tE1TF/mm1wJg=="
    }
  }
}
